
Microsoft Visual Studio Solution File, Format Version 12.00
# Visual Studio Version 16
VisualStudioVersion = 16.0.30907.101
MinimumVisualStudioVersion = 10.0.40219.1
Project("{8BC9CEB8-8B4A-11D0-8D11-00A0C91BC942}") = "example_win32", "example_win32\example_win32.vcxproj", "{3EFC6970-070C-4A60-8BE3-96CF93C8AEA6}"
EndProject
Project("{8BC9CEB8-8B4A-11D0-8D11-00A0C91BC942}") = "example_mfc", "example_mfc\example_mfc.vcxproj", "{9AC3B483-9233-4B8B-9553-F0E73ECA04AA}"
EndProject
Global
	GlobalSection(SolutionConfigurationPlatforms) = preSolution
		Debug|x64 = Debug|x64
		Debug|x86 = Debug|x86
		Release|x64 = Release|x64
		Release|x86 = Release|x86
	EndGlobalSection
	GlobalSection(ProjectConfigurationPlatforms) = postSolution
		{3EFC6970-070C-4A60-8BE3-96CF93C8AEA6}.Debug|x64.ActiveCfg = Debug|x64
		{3EFC6970-070C-4A60-8BE3-96CF93C8AEA6}.Debug|x64.Build.0 = Debug|x64
		{3EFC6970-070C-4A60-8BE3-96CF93C8AEA6}.Debug|x86.ActiveCfg = Debug|Win32
		{3EFC6970-070C-4A60-8BE3-96CF93C8AEA6}.Debug|x86.Build.0 = Debug|Win32
		{3EFC6970-070C-4A60-8BE3-96CF93C8AEA6}.Release|x64.ActiveCfg = Release|x64
		{3EFC6970-070C-4A60-8BE3-96CF93C8AEA6}.Release|x64.Build.0 = Release|x64
		{3EFC6970-070C-4A60-8BE3-96CF93C8AEA6}.Release|x86.ActiveCfg = Release|Win32
		{3EFC6970-070C-4A60-8BE3-96CF93C8AEA6}.Release|x86.Build.0 = Release|Win32
		{9AC3B483-9233-4B8B-9553-F0E73ECA04AA}.Debug|x64.ActiveCfg = Debug|x64
		{9AC3B483-9233-4B8B-9553-F0E73ECA04AA}.Debug|x64.Build.0 = Debug|x64
		{9AC3B483-9233-4B8B-9553-F0E73ECA04AA}.Debug|x86.ActiveCfg = Debug|Win32
		{9AC3B483-9233-4B8B-9553-F0E73ECA04AA}.Debug|x86.Build.0 = Debug|Win32
		{9AC3B483-9233-4B8B-9553-F0E73ECA04AA}.Release|x64.ActiveCfg = Release|x64
		{9AC3B483-9233-4B8B-9553-F0E73ECA04AA}.Release|x64.Build.0 = Release|x64
		{9AC3B483-9233-4B8B-9553-F0E73ECA04AA}.Release|x86.ActiveCfg = Release|Win32
		{9AC3B483-9233-4B8B-9553-F0E73ECA04AA}.Release|x86.Build.0 = Release|Win32
	EndGlobalSection
	GlobalSection(SolutionProperties) = preSolution
		HideSolutionNode = FALSE
	EndGlobalSection
	GlobalSection(ExtensibilityGlobals) = postSolution
		SolutionGuid = {753ED0E6-F1B2-4F1E-8B4B-DEA2D0980CCE}
	EndGlobalSection
EndGlobal
